
Microsoft Visual Studio Solution File, Format Version 12.00
# Visual Studio 15
VisualStudioVersion = 15.0.28307.271
MinimumVisualStudioVersion = 10.0.40219.1
Project("{8BC9CEB8-8B4A-11D0-8D11-00A0C91BC942}") = "openGL_testing", "openGL_testing\openGL_testing.vcxproj", "{8C6C0663-3F72-4D05-B8DF-D8464CF79A86}"
EndProject
Global
	GlobalSection(SolutionConfigurationPlatforms) = preSolution
		Debug|x64 = Debug|x64
		Debug|x86 = Debug|x86
		Release|x64 = Release|x64
		Release|x86 = Release|x86
	EndGlobalSection
	GlobalSection(ProjectConfigurationPlatforms) = postSolution
		{8C6C0663-3F72-4D05-B8DF-D8464CF79A86}.Debug|x64.ActiveCfg = Debug|x64
		{8C6C0663-3F72-4D05-B8DF-D8464CF79A86}.Debug|x64.Build.0 = Debug|x64
		{8C6C0663-3F72-4D05-B8DF-D8464CF79A86}.Debug|x86.ActiveCfg = Debug|Win32
		{8C6C0663-3F72-4D05-B8DF-D8464CF79A86}.Debug|x86.Build.0 = Debug|Win32
		{8C6C0663-3F72-4D05-B8DF-D8464CF79A86}.Release|x64.ActiveCfg = Release|x64
		{8C6C0663-3F72-4D05-B8DF-D8464CF79A86}.Release|x64.Build.0 = Release|x64
		{8C6C0663-3F72-4D05-B8DF-D8464CF79A86}.Release|x86.ActiveCfg = Release|Win32
		{8C6C0663-3F72-4D05-B8DF-D8464CF79A86}.Release|x86.Build.0 = Release|Win32
	EndGlobalSection
	GlobalSection(SolutionProperties) = preSolution
		HideSolutionNode = FALSE
	EndGlobalSection
	GlobalSection(ExtensibilityGlobals) = postSolution
		SolutionGuid = {51D05307-2315-4282-BF37-CA8954A627F4}
	EndGlobalSection
EndGlobal
